
Microsoft Visual Studio Solution File, Format Version 12.00
# Visual Studio 15
VisualStudioVersion = 15.0.26124.0
MinimumVisualStudioVersion = 15.0.26124.0
Project("{2150E333-8FDC-42A3-9474-1A3956D46DE8}") = "src", "src", "{EAD36B21-5C2B-400E-BA8F-7666D4FA6E5D}"
EndProject
Project("{FAE04EC0-301F-11D3-BF4B-00C04F79EFBC}") = "BddShowdown", "src\BddShowdown\BddShowdown.csproj", "{545C0E1F-9494-4909-856A-D8FF0F7976F2}"
EndProject
Project("{2150E333-8FDC-42A3-9474-1A3956D46DE8}") = "test", "test", "{C07D975C-6285-4C21-AB05-8E9CFDF9CD6E}"
EndProject
Project("{FAE04EC0-301F-11D3-BF4B-00C04F79EFBC}") = "BddShowdown.Tests.NSpec", "test\BddShowdown.Tests.NSpec\BddShowdown.Tests.NSpec.csproj", "{8BC2FF12-52BE-4994-8B03-28B0F42132D2}"
EndProject
Project("{FAE04EC0-301F-11D3-BF4B-00C04F79EFBC}") = "BddShowdown.Tests.XBehave", "test\BddShowdown.Tests.XBehave\BddShowdown.Tests.XBehave.csproj", "{828A5083-7E53-4E53-AB46-81956A733E5E}"
EndProject
Global
	GlobalSection(SolutionConfigurationPlatforms) = preSolution
		Debug|Any CPU = Debug|Any CPU
		Debug|x64 = Debug|x64
		Debug|x86 = Debug|x86
		Release|Any CPU = Release|Any CPU
		Release|x64 = Release|x64
		Release|x86 = Release|x86
	EndGlobalSection
	GlobalSection(SolutionProperties) = preSolution
		HideSolutionNode = FALSE
	EndGlobalSection
	GlobalSection(ProjectConfigurationPlatforms) = postSolution
		{545C0E1F-9494-4909-856A-D8FF0F7976F2}.Debug|Any CPU.ActiveCfg = Debug|Any CPU
		{545C0E1F-9494-4909-856A-D8FF0F7976F2}.Debug|Any CPU.Build.0 = Debug|Any CPU
		{545C0E1F-9494-4909-856A-D8FF0F7976F2}.Debug|x64.ActiveCfg = Debug|Any CPU
		{545C0E1F-9494-4909-856A-D8FF0F7976F2}.Debug|x64.Build.0 = Debug|Any CPU
		{545C0E1F-9494-4909-856A-D8FF0F7976F2}.Debug|x86.ActiveCfg = Debug|Any CPU
		{545C0E1F-9494-4909-856A-D8FF0F7976F2}.Debug|x86.Build.0 = Debug|Any CPU
		{545C0E1F-9494-4909-856A-D8FF0F7976F2}.Release|Any CPU.ActiveCfg = Release|Any CPU
		{545C0E1F-9494-4909-856A-D8FF0F7976F2}.Release|Any CPU.Build.0 = Release|Any CPU
		{545C0E1F-9494-4909-856A-D8FF0F7976F2}.Release|x64.ActiveCfg = Release|Any CPU
		{545C0E1F-9494-4909-856A-D8FF0F7976F2}.Release|x64.Build.0 = Release|Any CPU
		{545C0E1F-9494-4909-856A-D8FF0F7976F2}.Release|x86.ActiveCfg = Release|Any CPU
		{545C0E1F-9494-4909-856A-D8FF0F7976F2}.Release|x86.Build.0 = Release|Any CPU
		{8BC2FF12-52BE-4994-8B03-28B0F42132D2}.Debug|Any CPU.ActiveCfg = Debug|Any CPU
		{8BC2FF12-52BE-4994-8B03-28B0F42132D2}.Debug|Any CPU.Build.0 = Debug|Any CPU
		{8BC2FF12-52BE-4994-8B03-28B0F42132D2}.Debug|x64.ActiveCfg = Debug|Any CPU
		{8BC2FF12-52BE-4994-8B03-28B0F42132D2}.Debug|x64.Build.0 = Debug|Any CPU
		{8BC2FF12-52BE-4994-8B03-28B0F42132D2}.Debug|x86.ActiveCfg = Debug|Any CPU
		{8BC2FF12-52BE-4994-8B03-28B0F42132D2}.Debug|x86.Build.0 = Debug|Any CPU
		{8BC2FF12-52BE-4994-8B03-28B0F42132D2}.Release|Any CPU.ActiveCfg = Release|Any CPU
		{8BC2FF12-52BE-4994-8B03-28B0F42132D2}.Release|Any CPU.Build.0 = Release|Any CPU
		{8BC2FF12-52BE-4994-8B03-28B0F42132D2}.Release|x64.ActiveCfg = Release|Any CPU
		{8BC2FF12-52BE-4994-8B03-28B0F42132D2}.Release|x64.Build.0 = Release|Any CPU
		{8BC2FF12-52BE-4994-8B03-28B0F42132D2}.Release|x86.ActiveCfg = Release|Any CPU
		{8BC2FF12-52BE-4994-8B03-28B0F42132D2}.Release|x86.Build.0 = Release|Any CPU
		{828A5083-7E53-4E53-AB46-81956A733E5E}.Debug|Any CPU.ActiveCfg = Debug|Any CPU
		{828A5083-7E53-4E53-AB46-81956A733E5E}.Debug|Any CPU.Build.0 = Debug|Any CPU
		{828A5083-7E53-4E53-AB46-81956A733E5E}.Debug|x64.ActiveCfg = Debug|Any CPU
		{828A5083-7E53-4E53-AB46-81956A733E5E}.Debug|x64.Build.0 = Debug|Any CPU
		{828A5083-7E53-4E53-AB46-81956A733E5E}.Debug|x86.ActiveCfg = Debug|Any CPU
		{828A5083-7E53-4E53-AB46-81956A733E5E}.Debug|x86.Build.0 = Debug|Any CPU
		{828A5083-7E53-4E53-AB46-81956A733E5E}.Release|Any CPU.ActiveCfg = Release|Any CPU
		{828A5083-7E53-4E53-AB46-81956A733E5E}.Release|Any CPU.Build.0 = Release|Any CPU
		{828A5083-7E53-4E53-AB46-81956A733E5E}.Release|x64.ActiveCfg = Release|Any CPU
		{828A5083-7E53-4E53-AB46-81956A733E5E}.Release|x64.Build.0 = Release|Any CPU
		{828A5083-7E53-4E53-AB46-81956A733E5E}.Release|x86.ActiveCfg = Release|Any CPU
		{828A5083-7E53-4E53-AB46-81956A733E5E}.Release|x86.Build.0 = Release|Any CPU
	EndGlobalSection
	GlobalSection(NestedProjects) = preSolution
		{545C0E1F-9494-4909-856A-D8FF0F7976F2} = {EAD36B21-5C2B-400E-BA8F-7666D4FA6E5D}
		{8BC2FF12-52BE-4994-8B03-28B0F42132D2} = {C07D975C-6285-4C21-AB05-8E9CFDF9CD6E}
		{828A5083-7E53-4E53-AB46-81956A733E5E} = {C07D975C-6285-4C21-AB05-8E9CFDF9CD6E}
	EndGlobalSection
EndGlobal
